
Microsoft Visual Studio Solution File, Format Version 12.00
# Visual Studio 15
VisualStudioVersion = 15.0.28010.2050
MinimumVisualStudioVersion = 10.0.40219.1
Project("{FAE04EC0-301F-11D3-BF4B-00C04F79EFBC}") = "Balles", "Balles\Balles.csproj", "{A173BF8F-F59B-4F7B-A91D-BCC394DF0293}"
EndProject
Global
	GlobalSection(SolutionConfigurationPlatforms) = preSolution
		Debug|Any CPU = Debug|Any CPU
		Release|Any CPU = Release|Any CPU
	EndGlobalSection
	GlobalSection(ProjectConfigurationPlatforms) = postSolution
		{A173BF8F-F59B-4F7B-A91D-BCC394DF0293}.Debug|Any CPU.ActiveCfg = Debug|Any CPU
		{A173BF8F-F59B-4F7B-A91D-BCC394DF0293}.Debug|Any CPU.Build.0 = Debug|Any CPU
		{A173BF8F-F59B-4F7B-A91D-BCC394DF0293}.Release|Any CPU.ActiveCfg = Release|Any CPU
		{A173BF8F-F59B-4F7B-A91D-BCC394DF0293}.Release|Any CPU.Build.0 = Release|Any CPU
	EndGlobalSection
	GlobalSection(SolutionProperties) = preSolution
		HideSolutionNode = FALSE
	EndGlobalSection
	GlobalSection(ExtensibilityGlobals) = postSolution
		SolutionGuid = {3E47E242-8612-422D-8348-64D75915578C}
	EndGlobalSection
EndGlobal
